
Microsoft Visual Studio Solution File, Format Version 12.00
# Visual Studio 15
VisualStudioVersion = 15.0.27703.2000
MinimumVisualStudioVersion = 10.0.40219.1
Project("{8BC9CEB8-8B4A-11D0-8D11-00A0C91BC942}") = "PhotoViewer", "PhotoViewer\PhotoViewer.vcxproj", "{405257FD-65CC-4B98-99F6-72ED693AD0B4}"
EndProject
Project("{8BC9CEB8-8B4A-11D0-8D11-00A0C91BC942}") = "PhotoViewewTest", "PhotoViewewTest\PhotoViewewTest.vcxproj", "{F2246C87-C9F5-49C8-9FC7-BEC3371332C5}"
EndProject
Global
	GlobalSection(SolutionConfigurationPlatforms) = preSolution
		Debug|x64 = Debug|x64
		Debug|x86 = Debug|x86
		Release|x64 = Release|x64
		Release|x86 = Release|x86
	EndGlobalSection
	GlobalSection(ProjectConfigurationPlatforms) = postSolution
		{405257FD-65CC-4B98-99F6-72ED693AD0B4}.Debug|x64.ActiveCfg = Debug|x64
		{405257FD-65CC-4B98-99F6-72ED693AD0B4}.Debug|x64.Build.0 = Debug|x64
		{405257FD-65CC-4B98-99F6-72ED693AD0B4}.Debug|x86.ActiveCfg = Debug|Win32
		{405257FD-65CC-4B98-99F6-72ED693AD0B4}.Debug|x86.Build.0 = Debug|Win32
		{405257FD-65CC-4B98-99F6-72ED693AD0B4}.Release|x64.ActiveCfg = Release|x64
		{405257FD-65CC-4B98-99F6-72ED693AD0B4}.Release|x64.Build.0 = Release|x64
		{405257FD-65CC-4B98-99F6-72ED693AD0B4}.Release|x86.ActiveCfg = Release|Win32
		{405257FD-65CC-4B98-99F6-72ED693AD0B4}.Release|x86.Build.0 = Release|Win32
		{F2246C87-C9F5-49C8-9FC7-BEC3371332C5}.Debug|x64.ActiveCfg = Debug|x64
		{F2246C87-C9F5-49C8-9FC7-BEC3371332C5}.Debug|x64.Build.0 = Debug|x64
		{F2246C87-C9F5-49C8-9FC7-BEC3371332C5}.Debug|x86.ActiveCfg = Debug|Win32
		{F2246C87-C9F5-49C8-9FC7-BEC3371332C5}.Debug|x86.Build.0 = Debug|Win32
		{F2246C87-C9F5-49C8-9FC7-BEC3371332C5}.Release|x64.ActiveCfg = Release|x64
		{F2246C87-C9F5-49C8-9FC7-BEC3371332C5}.Release|x64.Build.0 = Release|x64
		{F2246C87-C9F5-49C8-9FC7-BEC3371332C5}.Release|x86.ActiveCfg = Release|Win32
		{F2246C87-C9F5-49C8-9FC7-BEC3371332C5}.Release|x86.Build.0 = Release|Win32
	EndGlobalSection
	GlobalSection(SolutionProperties) = preSolution
		HideSolutionNode = FALSE
	EndGlobalSection
	GlobalSection(ExtensibilityGlobals) = postSolution
		SolutionGuid = {F751EE6A-386A-4C64-9AEB-D07941D4DBAD}
	EndGlobalSection
EndGlobal
